
Microsoft Visual Studio Solution File, Format Version 10.00
# Visual Studio 2008
Project("{8BC9CEB8-8B4A-11D0-8D11-00A0C91BC942}") = "HOOKLIB", "..\HOOKLIB\HOOKLIB.vcproj", "{494D731D-8026-43B5-B597-9C6FFE35EBD8}"
EndProject
Project("{8BC9CEB8-8B4A-11D0-8D11-00A0C91BC942}") = "HideDragon", "HideDragon.vcproj", "{B2A92DF3-6DAC-4885-A8FB-34667C8CF092}"
EndProject
Project("{8BC9CEB8-8B4A-11D0-8D11-00A0C91BC942}") = "KeyGeneration", "KeyGeneration\KeyGeneration.vcproj", "{21133FC9-E5D3-42F5-BC59-41793AF72FFC}"
EndProject
Project("{8BC9CEB8-8B4A-11D0-8D11-00A0C91BC942}") = "Update", "..\Update\Update.vcproj", "{5BE518B4-6644-4D3F-BF7F-779F63DDBA11}"
EndProject
Global
	GlobalSection(SolutionConfigurationPlatforms) = preSolution
		BCDebug|Win32 = BCDebug|Win32
		Debug_NAD|Win32 = Debug_NAD|Win32
		Debug_NP|Win32 = Debug_NP|Win32
		Debug|Win32 = Debug|Win32
		Release_NAD|Win32 = Release_NAD|Win32
		Release_NP|Win32 = Release_NP|Win32
		Release|Win32 = Release|Win32
	EndGlobalSection
	GlobalSection(ProjectConfigurationPlatforms) = postSolution
		{494D731D-8026-43B5-B597-9C6FFE35EBD8}.BCDebug|Win32.ActiveCfg = Debug|Win32
		{494D731D-8026-43B5-B597-9C6FFE35EBD8}.BCDebug|Win32.Build.0 = Debug|Win32
		{494D731D-8026-43B5-B597-9C6FFE35EBD8}.Debug_NAD|Win32.ActiveCfg = Debug_NP|Win32
		{494D731D-8026-43B5-B597-9C6FFE35EBD8}.Debug_NAD|Win32.Build.0 = Debug_NP|Win32
		{494D731D-8026-43B5-B597-9C6FFE35EBD8}.Debug_NP|Win32.ActiveCfg = Debug_NP|Win32
		{494D731D-8026-43B5-B597-9C6FFE35EBD8}.Debug_NP|Win32.Build.0 = Debug_NP|Win32
		{494D731D-8026-43B5-B597-9C6FFE35EBD8}.Debug|Win32.ActiveCfg = Debug|Win32
		{494D731D-8026-43B5-B597-9C6FFE35EBD8}.Debug|Win32.Build.0 = Debug|Win32
		{494D731D-8026-43B5-B597-9C6FFE35EBD8}.Release_NAD|Win32.ActiveCfg = Release_NP|Win32
		{494D731D-8026-43B5-B597-9C6FFE35EBD8}.Release_NAD|Win32.Build.0 = Release_NP|Win32
		{494D731D-8026-43B5-B597-9C6FFE35EBD8}.Release_NP|Win32.ActiveCfg = Release_NP|Win32
		{494D731D-8026-43B5-B597-9C6FFE35EBD8}.Release_NP|Win32.Build.0 = Release_NP|Win32
		{494D731D-8026-43B5-B597-9C6FFE35EBD8}.Release|Win32.ActiveCfg = Release|Win32
		{494D731D-8026-43B5-B597-9C6FFE35EBD8}.Release|Win32.Build.0 = Release|Win32
		{B2A92DF3-6DAC-4885-A8FB-34667C8CF092}.BCDebug|Win32.ActiveCfg = BCDebug|Win32
		{B2A92DF3-6DAC-4885-A8FB-34667C8CF092}.BCDebug|Win32.Build.0 = BCDebug|Win32
		{B2A92DF3-6DAC-4885-A8FB-34667C8CF092}.Debug_NAD|Win32.ActiveCfg = Debug_NAD|Win32
		{B2A92DF3-6DAC-4885-A8FB-34667C8CF092}.Debug_NAD|Win32.Build.0 = Debug_NAD|Win32
		{B2A92DF3-6DAC-4885-A8FB-34667C8CF092}.Debug_NP|Win32.ActiveCfg = Debug_NP|Win32
		{B2A92DF3-6DAC-4885-A8FB-34667C8CF092}.Debug_NP|Win32.Build.0 = Debug_NP|Win32
		{B2A92DF3-6DAC-4885-A8FB-34667C8CF092}.Debug|Win32.ActiveCfg = Debug|Win32
		{B2A92DF3-6DAC-4885-A8FB-34667C8CF092}.Debug|Win32.Build.0 = Debug|Win32
		{B2A92DF3-6DAC-4885-A8FB-34667C8CF092}.Release_NAD|Win32.ActiveCfg = Release_NAD|Win32
		{B2A92DF3-6DAC-4885-A8FB-34667C8CF092}.Release_NAD|Win32.Build.0 = Release_NAD|Win32
		{B2A92DF3-6DAC-4885-A8FB-34667C8CF092}.Release_NP|Win32.ActiveCfg = Release_NP|Win32
		{B2A92DF3-6DAC-4885-A8FB-34667C8CF092}.Release_NP|Win32.Build.0 = Release_NP|Win32
		{B2A92DF3-6DAC-4885-A8FB-34667C8CF092}.Release|Win32.ActiveCfg = Release|Win32
		{B2A92DF3-6DAC-4885-A8FB-34667C8CF092}.Release|Win32.Build.0 = Release|Win32
		{21133FC9-E5D3-42F5-BC59-41793AF72FFC}.BCDebug|Win32.ActiveCfg = Debug|Win32
		{21133FC9-E5D3-42F5-BC59-41793AF72FFC}.BCDebug|Win32.Build.0 = Debug|Win32
		{21133FC9-E5D3-42F5-BC59-41793AF72FFC}.Debug_NAD|Win32.ActiveCfg = Debug|Win32
		{21133FC9-E5D3-42F5-BC59-41793AF72FFC}.Debug_NAD|Win32.Build.0 = Debug|Win32
		{21133FC9-E5D3-42F5-BC59-41793AF72FFC}.Debug_NP|Win32.ActiveCfg = Debug|Win32
		{21133FC9-E5D3-42F5-BC59-41793AF72FFC}.Debug_NP|Win32.Build.0 = Debug|Win32
		{21133FC9-E5D3-42F5-BC59-41793AF72FFC}.Debug|Win32.ActiveCfg = Debug|Win32
		{21133FC9-E5D3-42F5-BC59-41793AF72FFC}.Debug|Win32.Build.0 = Debug|Win32
		{21133FC9-E5D3-42F5-BC59-41793AF72FFC}.Release_NAD|Win32.ActiveCfg = Release|Win32
		{21133FC9-E5D3-42F5-BC59-41793AF72FFC}.Release_NAD|Win32.Build.0 = Release|Win32
		{21133FC9-E5D3-42F5-BC59-41793AF72FFC}.Release_NP|Win32.ActiveCfg = Release|Win32
		{21133FC9-E5D3-42F5-BC59-41793AF72FFC}.Release_NP|Win32.Build.0 = Release|Win32
		{21133FC9-E5D3-42F5-BC59-41793AF72FFC}.Release|Win32.ActiveCfg = Release|Win32
		{21133FC9-E5D3-42F5-BC59-41793AF72FFC}.Release|Win32.Build.0 = Release|Win32
		{5BE518B4-6644-4D3F-BF7F-779F63DDBA11}.BCDebug|Win32.ActiveCfg = Debug|Win32
		{5BE518B4-6644-4D3F-BF7F-779F63DDBA11}.BCDebug|Win32.Build.0 = Debug|Win32
		{5BE518B4-6644-4D3F-BF7F-779F63DDBA11}.Debug_NAD|Win32.ActiveCfg = Debug|Win32
		{5BE518B4-6644-4D3F-BF7F-779F63DDBA11}.Debug_NAD|Win32.Build.0 = Debug|Win32
		{5BE518B4-6644-4D3F-BF7F-779F63DDBA11}.Debug_NP|Win32.ActiveCfg = Debug|Win32
		{5BE518B4-6644-4D3F-BF7F-779F63DDBA11}.Debug_NP|Win32.Build.0 = Debug|Win32
		{5BE518B4-6644-4D3F-BF7F-779F63DDBA11}.Debug|Win32.ActiveCfg = Debug|Win32
		{5BE518B4-6644-4D3F-BF7F-779F63DDBA11}.Debug|Win32.Build.0 = Debug|Win32
		{5BE518B4-6644-4D3F-BF7F-779F63DDBA11}.Release_NAD|Win32.ActiveCfg = Release|Win32
		{5BE518B4-6644-4D3F-BF7F-779F63DDBA11}.Release_NAD|Win32.Build.0 = Release|Win32
		{5BE518B4-6644-4D3F-BF7F-779F63DDBA11}.Release_NP|Win32.ActiveCfg = Release|Win32
		{5BE518B4-6644-4D3F-BF7F-779F63DDBA11}.Release_NP|Win32.Build.0 = Release|Win32
		{5BE518B4-6644-4D3F-BF7F-779F63DDBA11}.Release|Win32.ActiveCfg = Release|Win32
		{5BE518B4-6644-4D3F-BF7F-779F63DDBA11}.Release|Win32.Build.0 = Release|Win32
	EndGlobalSection
	GlobalSection(SolutionProperties) = preSolution
		HideSolutionNode = FALSE
	EndGlobalSection
EndGlobal
